
Microsoft Visual Studio Solution File, Format Version 12.00
# Visual Studio Version 16
VisualStudioVersion = 16.0.29409.12
MinimumVisualStudioVersion = 10.0.40219.1
Project("{888888A0-9F3D-457C-B088-3A5042F75D52}") = "regression", "regression.pyproj", "{6CDCAE5A-EAF1-4F04-B044-D626C28ADCBD}"
EndProject
Global
	GlobalSection(SolutionConfigurationPlatforms) = preSolution
		Debug|Any CPU = Debug|Any CPU
		Release|Any CPU = Release|Any CPU
	EndGlobalSection
	GlobalSection(ProjectConfigurationPlatforms) = postSolution
		{6CDCAE5A-EAF1-4F04-B044-D626C28ADCBD}.Debug|Any CPU.ActiveCfg = Debug|Any CPU
		{6CDCAE5A-EAF1-4F04-B044-D626C28ADCBD}.Release|Any CPU.ActiveCfg = Release|Any CPU
	EndGlobalSection
	GlobalSection(SolutionProperties) = preSolution
		HideSolutionNode = FALSE
	EndGlobalSection
	GlobalSection(ExtensibilityGlobals) = postSolution
		SolutionGuid = {14598A3D-E36E-4975-AB21-8DF21D64C0E4}
	EndGlobalSection
EndGlobal
